
Microsoft Visual Studio Solution File, Format Version 12.00
# Visual Studio 15
VisualStudioVersion = 15.0.27130.2010
MinimumVisualStudioVersion = 10.0.40219.1
Project("{FAE04EC0-301F-11D3-BF4B-00C04F79EFBC}") = "CycWpfLibrary", "CycWpfLibrary\CycWpfLibrary.csproj", "{DC9B1571-60B9-48D4-A147-24820D8E895B}"
EndProject
Project("{FAE04EC0-301F-11D3-BF4B-00C04F79EFBC}") = "Test", "Test\Test.csproj", "{F7BE7006-BEC6-4E50-8E1E-EDA671BB78F9}"
EndProject
Project("{FAE04EC0-301F-11D3-BF4B-00C04F79EFBC}") = "CycWpfLibrary.CustomControls", "CycWpfLibrary.CustomControls\CycWpfLibrary.CustomControls.csproj", "{1B0190C8-083C-4C23-9862-66C520641264}"
EndProject
Project("{FAE04EC0-301F-11D3-BF4B-00C04F79EFBC}") = "CycWpfLibrary.UserControls", "CycWpfLibrary.UserControls\CycWpfLibrary.UserControls.csproj", "{7AA8FE4A-4554-4B43-B9B5-38EDC992DB09}"
EndProject
Project("{FAE04EC0-301F-11D3-BF4B-00C04F79EFBC}") = "CycWpfLibrary.Resources", "CycWpfLibrary.Resources\CycWpfLibrary.Resources.csproj", "{482D004F-7715-41E1-9D47-B00E8D7C9ACC}"
EndProject
Global
	GlobalSection(SolutionConfigurationPlatforms) = preSolution
		Debug|Any CPU = Debug|Any CPU
		Release|Any CPU = Release|Any CPU
	EndGlobalSection
	GlobalSection(ProjectConfigurationPlatforms) = postSolution
		{DC9B1571-60B9-48D4-A147-24820D8E895B}.Debug|Any CPU.ActiveCfg = Debug|Any CPU
		{DC9B1571-60B9-48D4-A147-24820D8E895B}.Debug|Any CPU.Build.0 = Debug|Any CPU
		{DC9B1571-60B9-48D4-A147-24820D8E895B}.Release|Any CPU.ActiveCfg = Release|Any CPU
		{DC9B1571-60B9-48D4-A147-24820D8E895B}.Release|Any CPU.Build.0 = Release|Any CPU
		{F7BE7006-BEC6-4E50-8E1E-EDA671BB78F9}.Debug|Any CPU.ActiveCfg = Debug|Any CPU
		{F7BE7006-BEC6-4E50-8E1E-EDA671BB78F9}.Debug|Any CPU.Build.0 = Debug|Any CPU
		{F7BE7006-BEC6-4E50-8E1E-EDA671BB78F9}.Release|Any CPU.ActiveCfg = Release|Any CPU
		{F7BE7006-BEC6-4E50-8E1E-EDA671BB78F9}.Release|Any CPU.Build.0 = Release|Any CPU
		{1B0190C8-083C-4C23-9862-66C520641264}.Debug|Any CPU.ActiveCfg = Debug|Any CPU
		{1B0190C8-083C-4C23-9862-66C520641264}.Debug|Any CPU.Build.0 = Debug|Any CPU
		{1B0190C8-083C-4C23-9862-66C520641264}.Release|Any CPU.ActiveCfg = Release|Any CPU
		{1B0190C8-083C-4C23-9862-66C520641264}.Release|Any CPU.Build.0 = Release|Any CPU
		{7AA8FE4A-4554-4B43-B9B5-38EDC992DB09}.Debug|Any CPU.ActiveCfg = Debug|Any CPU
		{7AA8FE4A-4554-4B43-B9B5-38EDC992DB09}.Debug|Any CPU.Build.0 = Debug|Any CPU
		{7AA8FE4A-4554-4B43-B9B5-38EDC992DB09}.Release|Any CPU.ActiveCfg = Release|Any CPU
		{7AA8FE4A-4554-4B43-B9B5-38EDC992DB09}.Release|Any CPU.Build.0 = Release|Any CPU
		{482D004F-7715-41E1-9D47-B00E8D7C9ACC}.Debug|Any CPU.ActiveCfg = Debug|Any CPU
		{482D004F-7715-41E1-9D47-B00E8D7C9ACC}.Debug|Any CPU.Build.0 = Debug|Any CPU
		{482D004F-7715-41E1-9D47-B00E8D7C9ACC}.Release|Any CPU.ActiveCfg = Release|Any CPU
		{482D004F-7715-41E1-9D47-B00E8D7C9ACC}.Release|Any CPU.Build.0 = Release|Any CPU
	EndGlobalSection
	GlobalSection(SolutionProperties) = preSolution
		HideSolutionNode = FALSE
	EndGlobalSection
	GlobalSection(ExtensibilityGlobals) = postSolution
		SolutionGuid = {C592F85E-DA98-4B91-8B1D-099FD2CB4522}
	EndGlobalSection
EndGlobal
